
Microsoft Visual Studio Solution File, Format Version 12.00
# Visual Studio Version 16
VisualStudioVersion = 16.0.31624.102
MinimumVisualStudioVersion = 10.0.40219.1
Project("{9A19103F-16F7-4668-BE54-9A1E7A4F7556}") = "Race simulator", "Race simulator\Race simulator.csproj", "{0764DF29-3871-42C1-8C4E-1E4BE212DFBC}"
EndProject
Project("{9A19103F-16F7-4668-BE54-9A1E7A4F7556}") = "Model", "Model\Model.csproj", "{30365C72-F94C-4250-9BC9-79F68754A9C9}"
EndProject
Project("{9A19103F-16F7-4668-BE54-9A1E7A4F7556}") = "Controller", "Controller\Controller.csproj", "{89B38CA5-CF65-4A32-B01F-8A57CA5FA1D3}"
EndProject
Project("{9A19103F-16F7-4668-BE54-9A1E7A4F7556}") = "ControllerTest", "ControllerTest\ControllerTest.csproj", "{2C3638EA-2EAF-4779-AA9E-9029816A4B3F}"
EndProject
Global
	GlobalSection(SolutionConfigurationPlatforms) = preSolution
		Debug|Any CPU = Debug|Any CPU
		Release|Any CPU = Release|Any CPU
	EndGlobalSection
	GlobalSection(ProjectConfigurationPlatforms) = postSolution
		{0764DF29-3871-42C1-8C4E-1E4BE212DFBC}.Debug|Any CPU.ActiveCfg = Debug|Any CPU
		{0764DF29-3871-42C1-8C4E-1E4BE212DFBC}.Debug|Any CPU.Build.0 = Debug|Any CPU
		{0764DF29-3871-42C1-8C4E-1E4BE212DFBC}.Release|Any CPU.ActiveCfg = Release|Any CPU
		{0764DF29-3871-42C1-8C4E-1E4BE212DFBC}.Release|Any CPU.Build.0 = Release|Any CPU
		{30365C72-F94C-4250-9BC9-79F68754A9C9}.Debug|Any CPU.ActiveCfg = Debug|Any CPU
		{30365C72-F94C-4250-9BC9-79F68754A9C9}.Debug|Any CPU.Build.0 = Debug|Any CPU
		{30365C72-F94C-4250-9BC9-79F68754A9C9}.Release|Any CPU.ActiveCfg = Release|Any CPU
		{30365C72-F94C-4250-9BC9-79F68754A9C9}.Release|Any CPU.Build.0 = Release|Any CPU
		{89B38CA5-CF65-4A32-B01F-8A57CA5FA1D3}.Debug|Any CPU.ActiveCfg = Debug|Any CPU
		{89B38CA5-CF65-4A32-B01F-8A57CA5FA1D3}.Debug|Any CPU.Build.0 = Debug|Any CPU
		{89B38CA5-CF65-4A32-B01F-8A57CA5FA1D3}.Release|Any CPU.ActiveCfg = Release|Any CPU
		{89B38CA5-CF65-4A32-B01F-8A57CA5FA1D3}.Release|Any CPU.Build.0 = Release|Any CPU
		{2C3638EA-2EAF-4779-AA9E-9029816A4B3F}.Debug|Any CPU.ActiveCfg = Debug|Any CPU
		{2C3638EA-2EAF-4779-AA9E-9029816A4B3F}.Debug|Any CPU.Build.0 = Debug|Any CPU
		{2C3638EA-2EAF-4779-AA9E-9029816A4B3F}.Release|Any CPU.ActiveCfg = Release|Any CPU
		{2C3638EA-2EAF-4779-AA9E-9029816A4B3F}.Release|Any CPU.Build.0 = Release|Any CPU
	EndGlobalSection
	GlobalSection(SolutionProperties) = preSolution
		HideSolutionNode = FALSE
	EndGlobalSection
	GlobalSection(ExtensibilityGlobals) = postSolution
		SolutionGuid = {0A978F2A-E2F9-48B9-B147-5FEDF412A111}
	EndGlobalSection
EndGlobal
